{
    "name": "Introduction to FS Module",
    "lockfileVersion": 3,
    "requires": true,
    "packages": {
        "": {
            "dependencies": {
                "akash-word-counter": "^1.0.3"
            }
        },
        "node_modules/akash-word-counter": {
            "version": "1.0.3",
            "resolved": "https://registry.npmjs.org/akash-word-counter/-/akash-word-counter-1.0.3.tgz",
            "integrity": "sha512-pQHH01zFvO/w6VFKqeli/E/JS+UV47XNnuXL60lVuBvBz0uc1LVEfVEiXpoHAO398EvckDxszCsFuDSNxl/eZQ==",
            "license": "MIT",
            "bin": {
                "akash-word-counter": "app.js"
            }
        }
    }
}
